
Microsoft Visual Studio Solution File, Format Version 12.00
# Visual Studio Version 17
VisualStudioVersion = 17.4.33205.214
MinimumVisualStudioVersion = 10.0.40219.1
Project("{FAE04EC0-301F-11D3-BF4B-00C04F79EFBC}") = "ShiftCalendar", "ShiftCalendar\ShiftCalendar.csproj", "{DDC51DCE-D82C-4201-AAE2-4D23B4762671}"
EndProject
Global
	GlobalSection(SolutionConfigurationPlatforms) = preSolution
		Debug|Any CPU = Debug|Any CPU
		Release|Any CPU = Release|Any CPU
	EndGlobalSection
	GlobalSection(ProjectConfigurationPlatforms) = postSolution
		{DDC51DCE-D82C-4201-AAE2-4D23B4762671}.Debug|Any CPU.ActiveCfg = Debug|Any CPU
		{DDC51DCE-D82C-4201-AAE2-4D23B4762671}.Debug|Any CPU.Build.0 = Debug|Any CPU
		{DDC51DCE-D82C-4201-AAE2-4D23B4762671}.Release|Any CPU.ActiveCfg = Release|Any CPU
		{DDC51DCE-D82C-4201-AAE2-4D23B4762671}.Release|Any CPU.Build.0 = Release|Any CPU
	EndGlobalSection
	GlobalSection(SolutionProperties) = preSolution
		HideSolutionNode = FALSE
	EndGlobalSection
	GlobalSection(ExtensibilityGlobals) = postSolution
		SolutionGuid = {FA70D0DA-8761-4716-8D8F-92EFD3BA60AB}
	EndGlobalSection
EndGlobal
